
Microsoft Visual Studio Solution File, Format Version 12.00
# Visual Studio 15
VisualStudioVersion = 15.0.26124.0
MinimumVisualStudioVersion = 15.0.26124.0
Project("{2150E333-8FDC-42A3-9474-1A3956D46DE8}") = "src", "src", "{BAA47612-5C1D-4DD2-A704-24785D409689}"
EndProject
Project("{FAE04EC0-301F-11D3-BF4B-00C04F79EFBC}") = "CommandAPI", "src\CommandAPI\CommandAPI.csproj", "{DA4CCBFB-7682-4ED6-A4C5-0579F30AD0D7}"
EndProject
Project("{2150E333-8FDC-42A3-9474-1A3956D46DE8}") = "test", "test", "{2F76D126-3E93-45DB-8E4B-F1D2B315ADE1}"
EndProject
Project("{FAE04EC0-301F-11D3-BF4B-00C04F79EFBC}") = "CommandAPI.Tests", "test\CommandAPI.Tests\CommandAPI.Tests.csproj", "{F64C0288-5561-4A9E-8E9D-EED9FCD8F04A}"
EndProject
Global
	GlobalSection(SolutionConfigurationPlatforms) = preSolution
		Debug|Any CPU = Debug|Any CPU
		Debug|x64 = Debug|x64
		Debug|x86 = Debug|x86
		Release|Any CPU = Release|Any CPU
		Release|x64 = Release|x64
		Release|x86 = Release|x86
	EndGlobalSection
	GlobalSection(SolutionProperties) = preSolution
		HideSolutionNode = FALSE
	EndGlobalSection
	GlobalSection(ProjectConfigurationPlatforms) = postSolution
		{DA4CCBFB-7682-4ED6-A4C5-0579F30AD0D7}.Debug|Any CPU.ActiveCfg = Debug|Any CPU
		{DA4CCBFB-7682-4ED6-A4C5-0579F30AD0D7}.Debug|Any CPU.Build.0 = Debug|Any CPU
		{DA4CCBFB-7682-4ED6-A4C5-0579F30AD0D7}.Debug|x64.ActiveCfg = Debug|Any CPU
		{DA4CCBFB-7682-4ED6-A4C5-0579F30AD0D7}.Debug|x64.Build.0 = Debug|Any CPU
		{DA4CCBFB-7682-4ED6-A4C5-0579F30AD0D7}.Debug|x86.ActiveCfg = Debug|Any CPU
		{DA4CCBFB-7682-4ED6-A4C5-0579F30AD0D7}.Debug|x86.Build.0 = Debug|Any CPU
		{DA4CCBFB-7682-4ED6-A4C5-0579F30AD0D7}.Release|Any CPU.ActiveCfg = Release|Any CPU
		{DA4CCBFB-7682-4ED6-A4C5-0579F30AD0D7}.Release|Any CPU.Build.0 = Release|Any CPU
		{DA4CCBFB-7682-4ED6-A4C5-0579F30AD0D7}.Release|x64.ActiveCfg = Release|Any CPU
		{DA4CCBFB-7682-4ED6-A4C5-0579F30AD0D7}.Release|x64.Build.0 = Release|Any CPU
		{DA4CCBFB-7682-4ED6-A4C5-0579F30AD0D7}.Release|x86.ActiveCfg = Release|Any CPU
		{DA4CCBFB-7682-4ED6-A4C5-0579F30AD0D7}.Release|x86.Build.0 = Release|Any CPU
		{F64C0288-5561-4A9E-8E9D-EED9FCD8F04A}.Debug|Any CPU.ActiveCfg = Debug|Any CPU
		{F64C0288-5561-4A9E-8E9D-EED9FCD8F04A}.Debug|Any CPU.Build.0 = Debug|Any CPU
		{F64C0288-5561-4A9E-8E9D-EED9FCD8F04A}.Debug|x64.ActiveCfg = Debug|Any CPU
		{F64C0288-5561-4A9E-8E9D-EED9FCD8F04A}.Debug|x64.Build.0 = Debug|Any CPU
		{F64C0288-5561-4A9E-8E9D-EED9FCD8F04A}.Debug|x86.ActiveCfg = Debug|Any CPU
		{F64C0288-5561-4A9E-8E9D-EED9FCD8F04A}.Debug|x86.Build.0 = Debug|Any CPU
		{F64C0288-5561-4A9E-8E9D-EED9FCD8F04A}.Release|Any CPU.ActiveCfg = Release|Any CPU
		{F64C0288-5561-4A9E-8E9D-EED9FCD8F04A}.Release|Any CPU.Build.0 = Release|Any CPU
		{F64C0288-5561-4A9E-8E9D-EED9FCD8F04A}.Release|x64.ActiveCfg = Release|Any CPU
		{F64C0288-5561-4A9E-8E9D-EED9FCD8F04A}.Release|x64.Build.0 = Release|Any CPU
		{F64C0288-5561-4A9E-8E9D-EED9FCD8F04A}.Release|x86.ActiveCfg = Release|Any CPU
		{F64C0288-5561-4A9E-8E9D-EED9FCD8F04A}.Release|x86.Build.0 = Release|Any CPU
	EndGlobalSection
	GlobalSection(NestedProjects) = preSolution
		{DA4CCBFB-7682-4ED6-A4C5-0579F30AD0D7} = {BAA47612-5C1D-4DD2-A704-24785D409689}
		{F64C0288-5561-4A9E-8E9D-EED9FCD8F04A} = {2F76D126-3E93-45DB-8E4B-F1D2B315ADE1}
	EndGlobalSection
EndGlobal
